
Microsoft Visual Studio Solution File, Format Version 12.00
# Visual Studio Version 16
VisualStudioVersion = 16.0.31729.503
MinimumVisualStudioVersion = 10.0.40219.1
Project("{2150E333-8FDC-42A3-9474-1A3956D46DE8}") = "src", "src", "{A8F9D20A-3839-4AFE-9209-B416A9D92C1F}"
EndProject
Project("{9A19103F-16F7-4668-BE54-9A1E7A4F7556}") = "ApplicationCore", "ApplicationCore\ApplicationCore.csproj", "{A865307C-5C12-4756-B9A8-61CE73C13465}"
EndProject
Project("{9A19103F-16F7-4668-BE54-9A1E7A4F7556}") = "Infrastructure", "Infrastructure\Infrastructure.csproj", "{12C31E34-1223-44DA-A408-180E5CC99A60}"
EndProject
Project("{FAE04EC0-301F-11D3-BF4B-00C04F79EFBC}") = "WebApp", "WebApp\WebApp.csproj", "{2FD4DB11-90C9-4C1A-A9DC-6B6FB4C794AD}"
EndProject
Global
	GlobalSection(SolutionConfigurationPlatforms) = preSolution
		Debug|Any CPU = Debug|Any CPU
		Release|Any CPU = Release|Any CPU
	EndGlobalSection
	GlobalSection(ProjectConfigurationPlatforms) = postSolution
		{A865307C-5C12-4756-B9A8-61CE73C13465}.Debug|Any CPU.ActiveCfg = Debug|Any CPU
		{A865307C-5C12-4756-B9A8-61CE73C13465}.Debug|Any CPU.Build.0 = Debug|Any CPU
		{A865307C-5C12-4756-B9A8-61CE73C13465}.Release|Any CPU.ActiveCfg = Release|Any CPU
		{A865307C-5C12-4756-B9A8-61CE73C13465}.Release|Any CPU.Build.0 = Release|Any CPU
		{12C31E34-1223-44DA-A408-180E5CC99A60}.Debug|Any CPU.ActiveCfg = Debug|Any CPU
		{12C31E34-1223-44DA-A408-180E5CC99A60}.Debug|Any CPU.Build.0 = Debug|Any CPU
		{12C31E34-1223-44DA-A408-180E5CC99A60}.Release|Any CPU.ActiveCfg = Release|Any CPU
		{12C31E34-1223-44DA-A408-180E5CC99A60}.Release|Any CPU.Build.0 = Release|Any CPU
		{2FD4DB11-90C9-4C1A-A9DC-6B6FB4C794AD}.Debug|Any CPU.ActiveCfg = Debug|Any CPU
		{2FD4DB11-90C9-4C1A-A9DC-6B6FB4C794AD}.Debug|Any CPU.Build.0 = Debug|Any CPU
		{2FD4DB11-90C9-4C1A-A9DC-6B6FB4C794AD}.Release|Any CPU.ActiveCfg = Release|Any CPU
		{2FD4DB11-90C9-4C1A-A9DC-6B6FB4C794AD}.Release|Any CPU.Build.0 = Release|Any CPU
	EndGlobalSection
	GlobalSection(SolutionProperties) = preSolution
		HideSolutionNode = FALSE
	EndGlobalSection
	GlobalSection(NestedProjects) = preSolution
		{A865307C-5C12-4756-B9A8-61CE73C13465} = {A8F9D20A-3839-4AFE-9209-B416A9D92C1F}
		{12C31E34-1223-44DA-A408-180E5CC99A60} = {A8F9D20A-3839-4AFE-9209-B416A9D92C1F}
	EndGlobalSection
	GlobalSection(ExtensibilityGlobals) = postSolution
		SolutionGuid = {B7B7865D-446B-4CED-A5D4-AB0998128523}
	EndGlobalSection
EndGlobal
